
Microsoft Visual Studio Solution File, Format Version 12.00
# Visual Studio 2013
VisualStudioVersion = 12.0.21005.1
MinimumVisualStudioVersion = 10.0.40219.1
Project("{FAE04EC0-301F-11D3-BF4B-00C04F79EFBC}") = "NChromaprint", "NChromaprint\NChromaprint.csproj", "{4F8BD089-0C85-4697-9DED-B734D293F432}"
EndProject
Project("{FAE04EC0-301F-11D3-BF4B-00C04F79EFBC}") = "NChromaCompare", "NChromaCompare\NChromaCompare.csproj", "{E2660799-5690-4591-B21C-79387D0706E9}"
EndProject
Project("{FAE04EC0-301F-11D3-BF4B-00C04F79EFBC}") = "NChromaCompareTests", "NChromaCompareTests\NChromaCompareTests.csproj", "{4E47F457-8CE2-4A5F-ABD8-84E93B633C30}"
EndProject
Project("{FAE04EC0-301F-11D3-BF4B-00C04F79EFBC}") = "AudioCompare", "AudioCompare\AudioCompare.csproj", "{CDC7E0CA-4087-4B3C-9BFE-A771C9C5C6EA}"
EndProject
Global
	GlobalSection(SolutionConfigurationPlatforms) = preSolution
		Debug|Any CPU = Debug|Any CPU
		Debug|Mixed Platforms = Debug|Mixed Platforms
		Debug|x86 = Debug|x86
		Release|Any CPU = Release|Any CPU
		Release|Mixed Platforms = Release|Mixed Platforms
		Release|x86 = Release|x86
	EndGlobalSection
	GlobalSection(ProjectConfigurationPlatforms) = postSolution
		{4F8BD089-0C85-4697-9DED-B734D293F432}.Debug|Any CPU.ActiveCfg = Debug|x86
		{4F8BD089-0C85-4697-9DED-B734D293F432}.Debug|Mixed Platforms.ActiveCfg = Debug|x86
		{4F8BD089-0C85-4697-9DED-B734D293F432}.Debug|Mixed Platforms.Build.0 = Debug|x86
		{4F8BD089-0C85-4697-9DED-B734D293F432}.Debug|x86.ActiveCfg = Debug|x86
		{4F8BD089-0C85-4697-9DED-B734D293F432}.Debug|x86.Build.0 = Debug|x86
		{4F8BD089-0C85-4697-9DED-B734D293F432}.Release|Any CPU.ActiveCfg = Release|x86
		{4F8BD089-0C85-4697-9DED-B734D293F432}.Release|Mixed Platforms.ActiveCfg = Release|x86
		{4F8BD089-0C85-4697-9DED-B734D293F432}.Release|Mixed Platforms.Build.0 = Release|x86
		{4F8BD089-0C85-4697-9DED-B734D293F432}.Release|x86.ActiveCfg = Release|x86
		{4F8BD089-0C85-4697-9DED-B734D293F432}.Release|x86.Build.0 = Release|x86
		{E2660799-5690-4591-B21C-79387D0706E9}.Debug|Any CPU.ActiveCfg = Debug|Any CPU
		{E2660799-5690-4591-B21C-79387D0706E9}.Debug|Any CPU.Build.0 = Debug|Any CPU
		{E2660799-5690-4591-B21C-79387D0706E9}.Debug|Mixed Platforms.ActiveCfg = Debug|Any CPU
		{E2660799-5690-4591-B21C-79387D0706E9}.Debug|Mixed Platforms.Build.0 = Debug|Any CPU
		{E2660799-5690-4591-B21C-79387D0706E9}.Debug|x86.ActiveCfg = Debug|Any CPU
		{E2660799-5690-4591-B21C-79387D0706E9}.Release|Any CPU.ActiveCfg = Release|Any CPU
		{E2660799-5690-4591-B21C-79387D0706E9}.Release|Any CPU.Build.0 = Release|Any CPU
		{E2660799-5690-4591-B21C-79387D0706E9}.Release|Mixed Platforms.ActiveCfg = Release|Any CPU
		{E2660799-5690-4591-B21C-79387D0706E9}.Release|Mixed Platforms.Build.0 = Release|Any CPU
		{E2660799-5690-4591-B21C-79387D0706E9}.Release|x86.ActiveCfg = Release|Any CPU
		{4E47F457-8CE2-4A5F-ABD8-84E93B633C30}.Debug|Any CPU.ActiveCfg = Debug|Any CPU
		{4E47F457-8CE2-4A5F-ABD8-84E93B633C30}.Debug|Any CPU.Build.0 = Debug|Any CPU
		{4E47F457-8CE2-4A5F-ABD8-84E93B633C30}.Debug|Mixed Platforms.ActiveCfg = Debug|Any CPU
		{4E47F457-8CE2-4A5F-ABD8-84E93B633C30}.Debug|Mixed Platforms.Build.0 = Debug|Any CPU
		{4E47F457-8CE2-4A5F-ABD8-84E93B633C30}.Debug|x86.ActiveCfg = Debug|Any CPU
		{4E47F457-8CE2-4A5F-ABD8-84E93B633C30}.Release|Any CPU.ActiveCfg = Release|Any CPU
		{4E47F457-8CE2-4A5F-ABD8-84E93B633C30}.Release|Any CPU.Build.0 = Release|Any CPU
		{4E47F457-8CE2-4A5F-ABD8-84E93B633C30}.Release|Mixed Platforms.ActiveCfg = Release|Any CPU
		{4E47F457-8CE2-4A5F-ABD8-84E93B633C30}.Release|Mixed Platforms.Build.0 = Release|Any CPU
		{4E47F457-8CE2-4A5F-ABD8-84E93B633C30}.Release|x86.ActiveCfg = Release|Any CPU
		{CDC7E0CA-4087-4B3C-9BFE-A771C9C5C6EA}.Debug|Any CPU.ActiveCfg = Debug|Any CPU
		{CDC7E0CA-4087-4B3C-9BFE-A771C9C5C6EA}.Debug|Any CPU.Build.0 = Debug|Any CPU
		{CDC7E0CA-4087-4B3C-9BFE-A771C9C5C6EA}.Debug|Mixed Platforms.ActiveCfg = Debug|Any CPU
		{CDC7E0CA-4087-4B3C-9BFE-A771C9C5C6EA}.Debug|Mixed Platforms.Build.0 = Debug|Any CPU
		{CDC7E0CA-4087-4B3C-9BFE-A771C9C5C6EA}.Debug|x86.ActiveCfg = Debug|Any CPU
		{CDC7E0CA-4087-4B3C-9BFE-A771C9C5C6EA}.Release|Any CPU.ActiveCfg = Release|Any CPU
		{CDC7E0CA-4087-4B3C-9BFE-A771C9C5C6EA}.Release|Any CPU.Build.0 = Release|Any CPU
		{CDC7E0CA-4087-4B3C-9BFE-A771C9C5C6EA}.Release|Mixed Platforms.ActiveCfg = Release|Any CPU
		{CDC7E0CA-4087-4B3C-9BFE-A771C9C5C6EA}.Release|Mixed Platforms.Build.0 = Release|Any CPU
		{CDC7E0CA-4087-4B3C-9BFE-A771C9C5C6EA}.Release|x86.ActiveCfg = Release|Any CPU
	EndGlobalSection
	GlobalSection(SolutionProperties) = preSolution
		HideSolutionNode = FALSE
	EndGlobalSection
EndGlobal
